
Microsoft Visual Studio Solution File, Format Version 11.00
# Visual Studio 2010
Project("{FAE04EC0-301F-11D3-BF4B-00C04F79EFBC}") = "WinbondEFoundry", "WinbondEFoundry\WinbondEFoundry.csproj", "{F60412D1-05BC-4735-B648-AD73C0219C11}"
EndProject
Project("{FAE04EC0-301F-11D3-BF4B-00C04F79EFBC}") = "DbModel", "DbModel\DbModel.csproj", "{D381A758-30AB-4261-A5F8-6EEA7305A343}"
EndProject
Project("{FAE04EC0-301F-11D3-BF4B-00C04F79EFBC}") = "Library", "Library\Library.csproj", "{371045D1-BE1E-4056-9255-3E43FCB90987}"
EndProject
Global
	GlobalSection(SolutionConfigurationPlatforms) = preSolution
		Debug|Any CPU = Debug|Any CPU
		Debug|Mixed Platforms = Debug|Mixed Platforms
		Debug|x86 = Debug|x86
		Release|Any CPU = Release|Any CPU
		Release|Mixed Platforms = Release|Mixed Platforms
		Release|x86 = Release|x86
	EndGlobalSection
	GlobalSection(ProjectConfigurationPlatforms) = postSolution
		{F60412D1-05BC-4735-B648-AD73C0219C11}.Debug|Any CPU.ActiveCfg = Debug|Any CPU
		{F60412D1-05BC-4735-B648-AD73C0219C11}.Debug|Any CPU.Build.0 = Debug|Any CPU
		{F60412D1-05BC-4735-B648-AD73C0219C11}.Debug|Mixed Platforms.ActiveCfg = Debug|Any CPU
		{F60412D1-05BC-4735-B648-AD73C0219C11}.Debug|Mixed Platforms.Build.0 = Debug|Any CPU
		{F60412D1-05BC-4735-B648-AD73C0219C11}.Debug|x86.ActiveCfg = Debug|Any CPU
		{F60412D1-05BC-4735-B648-AD73C0219C11}.Release|Any CPU.ActiveCfg = Release|Any CPU
		{F60412D1-05BC-4735-B648-AD73C0219C11}.Release|Any CPU.Build.0 = Release|Any CPU
		{F60412D1-05BC-4735-B648-AD73C0219C11}.Release|Mixed Platforms.ActiveCfg = Release|Any CPU
		{F60412D1-05BC-4735-B648-AD73C0219C11}.Release|Mixed Platforms.Build.0 = Release|Any CPU
		{F60412D1-05BC-4735-B648-AD73C0219C11}.Release|x86.ActiveCfg = Release|Any CPU
		{D381A758-30AB-4261-A5F8-6EEA7305A343}.Debug|Any CPU.ActiveCfg = Debug|Any CPU
		{D381A758-30AB-4261-A5F8-6EEA7305A343}.Debug|Any CPU.Build.0 = Debug|Any CPU
		{D381A758-30AB-4261-A5F8-6EEA7305A343}.Debug|Mixed Platforms.ActiveCfg = Debug|Any CPU
		{D381A758-30AB-4261-A5F8-6EEA7305A343}.Debug|Mixed Platforms.Build.0 = Debug|Any CPU
		{D381A758-30AB-4261-A5F8-6EEA7305A343}.Debug|x86.ActiveCfg = Debug|Any CPU
		{D381A758-30AB-4261-A5F8-6EEA7305A343}.Release|Any CPU.ActiveCfg = Release|Any CPU
		{D381A758-30AB-4261-A5F8-6EEA7305A343}.Release|Any CPU.Build.0 = Release|Any CPU
		{D381A758-30AB-4261-A5F8-6EEA7305A343}.Release|Mixed Platforms.ActiveCfg = Release|Any CPU
		{D381A758-30AB-4261-A5F8-6EEA7305A343}.Release|Mixed Platforms.Build.0 = Release|Any CPU
		{D381A758-30AB-4261-A5F8-6EEA7305A343}.Release|x86.ActiveCfg = Release|Any CPU
		{371045D1-BE1E-4056-9255-3E43FCB90987}.Debug|Any CPU.ActiveCfg = Debug|Any CPU
		{371045D1-BE1E-4056-9255-3E43FCB90987}.Debug|Any CPU.Build.0 = Debug|Any CPU
		{371045D1-BE1E-4056-9255-3E43FCB90987}.Debug|Mixed Platforms.ActiveCfg = Debug|Any CPU
		{371045D1-BE1E-4056-9255-3E43FCB90987}.Debug|Mixed Platforms.Build.0 = Debug|Any CPU
		{371045D1-BE1E-4056-9255-3E43FCB90987}.Debug|x86.ActiveCfg = Debug|Any CPU
		{371045D1-BE1E-4056-9255-3E43FCB90987}.Release|Any CPU.ActiveCfg = Release|Any CPU
		{371045D1-BE1E-4056-9255-3E43FCB90987}.Release|Any CPU.Build.0 = Release|Any CPU
		{371045D1-BE1E-4056-9255-3E43FCB90987}.Release|Mixed Platforms.ActiveCfg = Release|Any CPU
		{371045D1-BE1E-4056-9255-3E43FCB90987}.Release|Mixed Platforms.Build.0 = Release|Any CPU
		{371045D1-BE1E-4056-9255-3E43FCB90987}.Release|x86.ActiveCfg = Release|Any CPU
	EndGlobalSection
	GlobalSection(SolutionProperties) = preSolution
		HideSolutionNode = FALSE
	EndGlobalSection
EndGlobal
